
Microsoft Visual Studio Solution File, Format Version 12.00
# Visual Studio 14
VisualStudioVersion = 14.0.25420.1
MinimumVisualStudioVersion = 10.0.40219.1
Project("{2150E333-8FDC-42A3-9474-1A3956D46DE8}") = "src", "src", "{294DDB48-4B11-4A56-81B4-8A0C699B59AF}"
EndProject
Project("{2150E333-8FDC-42A3-9474-1A3956D46DE8}") = "test", "test", "{3EA07F2B-2535-405C-888A-139E8D320EF0}"
EndProject
Project("{8BB2217D-0F2D-49D1-97BC-3654ED321F3B}") = "AutoMapper.SelfConfig", "src\AutoMapper.SelfConfig\AutoMapper.SelfConfig.xproj", "{7AECE612-920C-4F6C-B667-003CAC9922F2}"
EndProject
Project("{8BB2217D-0F2D-49D1-97BC-3654ED321F3B}") = "AutoMapper.SelfConfig.Tests", "test\AutoMapper.SelfConfig.Tests\AutoMapper.SelfConfig.Tests.xproj", "{940A3CD3-E4B7-4505-98F7-A9126AD6281F}"
EndProject
Project("{8BB2217D-0F2D-49D1-97BC-3654ED321F3B}") = "AutoMapper.SelfConfig.Tests.Models", "test\AutoMapper.SelfConfig.Tests.Models\AutoMapper.SelfConfig.Tests.Models.xproj", "{42F134FE-F8BB-432E-AEF3-27A7988F1C00}"
EndProject
Project("{2150E333-8FDC-42A3-9474-1A3956D46DE8}") = "Solution Items", "Solution Items", "{7F933399-E18C-4278-A58C-846B860A1D12}"
	ProjectSection(SolutionItems) = preProject
		global.json = global.json
	EndProjectSection
EndProject
Global
	GlobalSection(SolutionConfigurationPlatforms) = preSolution
		Debug|Any CPU = Debug|Any CPU
		Release|Any CPU = Release|Any CPU
	EndGlobalSection
	GlobalSection(ProjectConfigurationPlatforms) = postSolution
		{7AECE612-920C-4F6C-B667-003CAC9922F2}.Debug|Any CPU.ActiveCfg = Debug|Any CPU
		{7AECE612-920C-4F6C-B667-003CAC9922F2}.Debug|Any CPU.Build.0 = Debug|Any CPU
		{7AECE612-920C-4F6C-B667-003CAC9922F2}.Release|Any CPU.ActiveCfg = Release|Any CPU
		{7AECE612-920C-4F6C-B667-003CAC9922F2}.Release|Any CPU.Build.0 = Release|Any CPU
		{940A3CD3-E4B7-4505-98F7-A9126AD6281F}.Debug|Any CPU.ActiveCfg = Debug|Any CPU
		{940A3CD3-E4B7-4505-98F7-A9126AD6281F}.Debug|Any CPU.Build.0 = Debug|Any CPU
		{940A3CD3-E4B7-4505-98F7-A9126AD6281F}.Release|Any CPU.ActiveCfg = Release|Any CPU
		{940A3CD3-E4B7-4505-98F7-A9126AD6281F}.Release|Any CPU.Build.0 = Release|Any CPU
		{42F134FE-F8BB-432E-AEF3-27A7988F1C00}.Debug|Any CPU.ActiveCfg = Debug|Any CPU
		{42F134FE-F8BB-432E-AEF3-27A7988F1C00}.Debug|Any CPU.Build.0 = Debug|Any CPU
		{42F134FE-F8BB-432E-AEF3-27A7988F1C00}.Release|Any CPU.ActiveCfg = Release|Any CPU
		{42F134FE-F8BB-432E-AEF3-27A7988F1C00}.Release|Any CPU.Build.0 = Release|Any CPU
	EndGlobalSection
	GlobalSection(SolutionProperties) = preSolution
		HideSolutionNode = FALSE
	EndGlobalSection
	GlobalSection(NestedProjects) = preSolution
		{7AECE612-920C-4F6C-B667-003CAC9922F2} = {294DDB48-4B11-4A56-81B4-8A0C699B59AF}
		{940A3CD3-E4B7-4505-98F7-A9126AD6281F} = {3EA07F2B-2535-405C-888A-139E8D320EF0}
		{42F134FE-F8BB-432E-AEF3-27A7988F1C00} = {3EA07F2B-2535-405C-888A-139E8D320EF0}
	EndGlobalSection
EndGlobal
